
Microsoft Visual Studio Solution File, Format Version 12.00
# Visual Studio Version 17
VisualStudioVersion = 17.6.33815.320
MinimumVisualStudioVersion = 10.0.40219.1
Project("{FAE04EC0-301F-11D3-BF4B-00C04F79EFBC}") = "Jitu Udemy", "Jitu Udemy\Jitu Udemy.csproj", "{015E66CE-4A74-4251-841D-B4A69D8A1627}"
EndProject
Global
	GlobalSection(SolutionConfigurationPlatforms) = preSolution
		Debug|Any CPU = Debug|Any CPU
		Release|Any CPU = Release|Any CPU
	EndGlobalSection
	GlobalSection(ProjectConfigurationPlatforms) = postSolution
		{015E66CE-4A74-4251-841D-B4A69D8A1627}.Debug|Any CPU.ActiveCfg = Debug|Any CPU
		{015E66CE-4A74-4251-841D-B4A69D8A1627}.Debug|Any CPU.Build.0 = Debug|Any CPU
		{015E66CE-4A74-4251-841D-B4A69D8A1627}.Release|Any CPU.ActiveCfg = Release|Any CPU
		{015E66CE-4A74-4251-841D-B4A69D8A1627}.Release|Any CPU.Build.0 = Release|Any CPU
	EndGlobalSection
	GlobalSection(SolutionProperties) = preSolution
		HideSolutionNode = FALSE
	EndGlobalSection
	GlobalSection(ExtensibilityGlobals) = postSolution
		SolutionGuid = {0DCED380-1793-42CD-BDCE-090E2ACEBEAB}
	EndGlobalSection
EndGlobal
